
Microsoft Visual Studio Solution File, Format Version 12.00
# Visual Studio Version 16
VisualStudioVersion = 16.0.31829.152
MinimumVisualStudioVersion = 10.0.40219.1
Project("{FAE04EC0-301F-11D3-BF4B-00C04F79EFBC}") = "graph-tutorial", "graph-tutorial\graph-tutorial.csproj", "{D186C968-41DD-4596-AF92-7A8A63AE4F22}"
EndProject
Global
	GlobalSection(SolutionConfigurationPlatforms) = preSolution
		Debug|Any CPU = Debug|Any CPU
		Release|Any CPU = Release|Any CPU
	EndGlobalSection
	GlobalSection(ProjectConfigurationPlatforms) = postSolution
		{D186C968-41DD-4596-AF92-7A8A63AE4F22}.Debug|Any CPU.ActiveCfg = Debug|Any CPU
		{D186C968-41DD-4596-AF92-7A8A63AE4F22}.Debug|Any CPU.Build.0 = Debug|Any CPU
		{D186C968-41DD-4596-AF92-7A8A63AE4F22}.Release|Any CPU.ActiveCfg = Release|Any CPU
		{D186C968-41DD-4596-AF92-7A8A63AE4F22}.Release|Any CPU.Build.0 = Release|Any CPU
	EndGlobalSection
	GlobalSection(SolutionProperties) = preSolution
		HideSolutionNode = FALSE
	EndGlobalSection
	GlobalSection(ExtensibilityGlobals) = postSolution
		SolutionGuid = {9986FE19-0302-4237-A4F8-4E21813E4B82}
	EndGlobalSection
EndGlobal
