
Microsoft Visual Studio Solution File, Format Version 12.00
# Visual Studio Version 17
VisualStudioVersion = 17.2.32505.173
MinimumVisualStudioVersion = 10.0.40219.1
Project("{FAE04EC0-301F-11D3-BF4B-00C04F79EFBC}") = "graph-tutorial", "graph-tutorial\graph-tutorial.csproj", "{3839C133-E2D0-466C-ABB3-E92ABCDB6388}"
EndProject
Global
	GlobalSection(SolutionConfigurationPlatforms) = preSolution
		Debug|Any CPU = Debug|Any CPU
		Release|Any CPU = Release|Any CPU
	EndGlobalSection
	GlobalSection(ProjectConfigurationPlatforms) = postSolution
		{3839C133-E2D0-466C-ABB3-E92ABCDB6388}.Debug|Any CPU.ActiveCfg = Debug|Any CPU
		{3839C133-E2D0-466C-ABB3-E92ABCDB6388}.Debug|Any CPU.Build.0 = Debug|Any CPU
		{3839C133-E2D0-466C-ABB3-E92ABCDB6388}.Release|Any CPU.ActiveCfg = Release|Any CPU
		{3839C133-E2D0-466C-ABB3-E92ABCDB6388}.Release|Any CPU.Build.0 = Release|Any CPU
	EndGlobalSection
	GlobalSection(SolutionProperties) = preSolution
		HideSolutionNode = FALSE
	EndGlobalSection
	GlobalSection(ExtensibilityGlobals) = postSolution
		SolutionGuid = {5D8392F3-02AC-499D-9495-D6ED8CE615C5}
	EndGlobalSection
EndGlobal
