
Microsoft Visual Studio Solution File, Format Version 12.00
# Visual Studio Version 16
VisualStudioVersion = 16.0.30804.86
MinimumVisualStudioVersion = 10.0.40219.1
Project("{FAE04EC0-301F-11D3-BF4B-00C04F79EFBC}") = "graph-tutorial", "graph-tutorial\graph-tutorial.csproj", "{2B12D3B0-1F4D-45BA-8D75-FD3B49B08E2F}"
EndProject
Global
	GlobalSection(SolutionConfigurationPlatforms) = preSolution
		Debug|Any CPU = Debug|Any CPU
		Release|Any CPU = Release|Any CPU
	EndGlobalSection
	GlobalSection(ProjectConfigurationPlatforms) = postSolution
		{2B12D3B0-1F4D-45BA-8D75-FD3B49B08E2F}.Debug|Any CPU.ActiveCfg = Debug|Any CPU
		{2B12D3B0-1F4D-45BA-8D75-FD3B49B08E2F}.Debug|Any CPU.Build.0 = Debug|Any CPU
		{2B12D3B0-1F4D-45BA-8D75-FD3B49B08E2F}.Release|Any CPU.ActiveCfg = Release|Any CPU
		{2B12D3B0-1F4D-45BA-8D75-FD3B49B08E2F}.Release|Any CPU.Build.0 = Release|Any CPU
	EndGlobalSection
	GlobalSection(SolutionProperties) = preSolution
		HideSolutionNode = FALSE
	EndGlobalSection
	GlobalSection(ExtensibilityGlobals) = postSolution
		SolutionGuid = {3BCFA9F7-DFA6-406C-A7ED-CF6BC5BC3B91}
	EndGlobalSection
EndGlobal
