
Microsoft Visual Studio Solution File, Format Version 12.00
# Visual Studio 15
VisualStudioVersion = 15.0.28010.2003
MinimumVisualStudioVersion = 10.0.40219.1
Project("{FAE04EC0-301F-11D3-BF4B-00C04F79EFBC}") = "graph-tutorial", "graph-tutorial\graph-tutorial.csproj", "{5BE4C010-7F22-42E8-8500-E0A01FC0ACF7}"
EndProject
Global
	GlobalSection(SolutionConfigurationPlatforms) = preSolution
		Debug|Any CPU = Debug|Any CPU
		Release|Any CPU = Release|Any CPU
	EndGlobalSection
	GlobalSection(ProjectConfigurationPlatforms) = postSolution
		{5BE4C010-7F22-42E8-8500-E0A01FC0ACF7}.Debug|Any CPU.ActiveCfg = Debug|Any CPU
		{5BE4C010-7F22-42E8-8500-E0A01FC0ACF7}.Debug|Any CPU.Build.0 = Debug|Any CPU
		{5BE4C010-7F22-42E8-8500-E0A01FC0ACF7}.Release|Any CPU.ActiveCfg = Release|Any CPU
		{5BE4C010-7F22-42E8-8500-E0A01FC0ACF7}.Release|Any CPU.Build.0 = Release|Any CPU
	EndGlobalSection
	GlobalSection(SolutionProperties) = preSolution
		HideSolutionNode = FALSE
	EndGlobalSection
	GlobalSection(ExtensibilityGlobals) = postSolution
		SolutionGuid = {233096A2-2324-4830-85F0-B7D66D06BB34}
	EndGlobalSection
EndGlobal
